// !$*UTF8*$!
{
	archiveVersion = 1;
	classes = {
	};
	objectVersion = 46;
	objects = {

/* Begin PBXBuildFile section */
		951E634D1D57FB60004DB591 /* main.m in Sources */ = {isa = PBXBuildFile; fileRef = 951E634C1D57FB60004DB591 /* main.m */; };
		951E63501D57FB60004DB591 /* AppDelegate.m in Sources */ = {isa = PBXBuildFile; fileRef = 951E634F1D57FB60004DB591 /* AppDelegate.m */; };
		951E63581D57FB60004DB591 /* Assets.xcassets in Resources */ = {isa = PBXBuildFile; fileRef = 951E63571D57FB60004DB591 /* Assets.xcassets */; };
		951E635B1D57FB60004DB591 /* LaunchScreen.storyboard in Resources */ = {isa = PBXBuildFile; fileRef = 951E63591D57FB60004DB591 /* LaunchScreen.storyboard */; };
		951E63661D57FB60004DB591 /* MultiUserAliExpressTests.m in Sources */ = {isa = PBXBuildFile; fileRef = 951E63651D57FB60004DB591 /* MultiUserAliExpressTests.m */; };
		951E63711D57FB60004DB591 /* MultiUserAliExpressUITests.m in Sources */ = {isa = PBXBuildFile; fileRef = 951E63701D57FB60004DB591 /* MultiUserAliExpressUITests.m */; };
		951E63861D57FC01004DB591 /* HttpCookieManager.m in Sources */ = {isa = PBXBuildFile; fileRef = 951E63851D57FC01004DB591 /* HttpCookieManager.m */; };
		959EFF7D1D60618C00644B5A /* AEWebVC.m in Sources */ = {isa = PBXBuildFile; fileRef = 959EFF7B1D60618C00644B5A /* AEWebVC.m */; };
		959EFF7E1D60618C00644B5A /* AEWebVC.xib in Resources */ = {isa = PBXBuildFile; fileRef = 959EFF7C1D60618C00644B5A /* AEWebVC.xib */; };
/* End PBXBuildFile section */

/* Begin PBXContainerItemProxy section */
		951E63621D57FB60004DB591 /* PBXContainerItemProxy */ = {
			isa = PBXContainerItemProxy;
			containerPortal = 951E63401D57FB5F004DB591 /* Project object */;
			proxyType = 1;
			remoteGlobalIDString = 951E63471D57FB5F004DB591;
			remoteInfo = MultiUserAliExpress;
		};
		951E636D1D57FB60004DB591 /* PBXContainerItemProxy */ = {
			isa = PBXContainerItemProxy;
			containerPortal = 951E63401D57FB5F004DB591 /* Project object */;
			proxyType = 1;
			remoteGlobalIDString = 951E63471D57FB5F004DB591;
			remoteInfo = MultiUserAliExpress;
		};
/* End PBXContainerItemProxy section */

/* Begin PBXFileReference section */
		951E63481D57FB5F004DB591 /* MultiUserAliExpress.app */ = {isa = PBXFileReference; explicitFileType = wrapper.application; includeInIndex = 0; path = MultiUserAliExpress.app; sourceTree = BUILT_PRODUCTS_DIR; };
		951E634C1D57FB60004DB591 /* main.m */ = {isa = PBXFileReference; lastKnownFileType = sourcecode.c.objc; path = main.m; sourceTree = "<group>"; };
		951E634E1D57FB60004DB591 /* AppDelegate.h */ = {isa = PBXFileReference; lastKnownFileType = sourcecode.c.h; path = AppDelegate.h; sourceTree = "<group>"; };
		951E634F1D57FB60004DB591 /* AppDelegate.m */ = {isa = PBXFileReference; lastKnownFileType = sourcecode.c.objc; path = AppDelegate.m; sourceTree = "<group>"; };
		951E63571D57FB60004DB591 /* Assets.xcassets */ = {isa = PBXFileReference; lastKnownFileType = folder.assetcatalog; path = Assets.xcassets; sourceTree = "<group>"; };
		951E635A1D57FB60004DB591 /* Base */ = {isa = PBXFileReference; lastKnownFileType = file.storyboard; name = Base; path = Base.lproj/LaunchScreen.storyboard; sourceTree = "<group>"; };
		951E635C1D57FB60004DB591 /* Info.plist */ = {isa = PBXFileReference; lastKnownFileType = text.plist.xml; path = Info.plist; sourceTree = "<group>"; };
		951E63611D57FB60004DB591 /* MultiUserAliExpressTests.xctest */ = {isa = PBXFileReference; explicitFileType = wrapper.cfbundle; includeInIndex = 0; path = MultiUserAliExpressTests.xctest; sourceTree = BUILT_PRODUCTS_DIR; };
		951E63651D57FB60004DB591 /* MultiUserAliExpressTests.m */ = {isa = PBXFileReference; lastKnownFileType = sourcecode.c.objc; path = MultiUserAliExpressTests.m; sourceTree = "<group>"; };
		951E63671D57FB60004DB591 /* Info.plist */ = {isa = PBXFileReference; lastKnownFileType = text.plist.xml; path = Info.plist; sourceTree = "<group>"; };
		951E636C1D57FB60004DB591 /* MultiUserAliExpressUITests.xctest */ = {isa = PBXFileReference; explicitFileType = wrapper.cfbundle; includeInIndex = 0; path = MultiUserAliExpressUITests.xctest; sourceTree = BUILT_PRODUCTS_DIR; };
		951E63701D57FB60004DB591 /* MultiUserAliExpressUITests.m */ = {isa = PBXFileReference; lastKnownFileType = sourcecode.c.objc; path = MultiUserAliExpressUITests.m; sourceTree = "<group>"; };
		951E63721D57FB60004DB591 /* Info.plist */ = {isa = PBXFileReference; lastKnownFileType = text.plist.xml; path = Info.plist; sourceTree = "<group>"; };
		951E63841D57FC01004DB591 /* HttpCookieManager.h */ = {isa = PBXFileReference; fileEncoding = 4; lastKnownFileType = sourcecode.c.h; path = HttpCookieManager.h; sourceTree = "<group>"; };
		951E63851D57FC01004DB591 /* HttpCookieManager.m */ = {isa = PBXFileReference; fileEncoding = 4; lastKnownFileType = sourcecode.c.objc; path = HttpCookieManager.m; sourceTree = "<group>"; };
		959EFF7A1D60618C00644B5A /* AEWebVC.h */ = {isa = PBXFileReference; fileEncoding = 4; lastKnownFileType = sourcecode.c.h; path = AEWebVC.h; sourceTree = "<group>"; };
		959EFF7B1D60618C00644B5A /* AEWebVC.m */ = {isa = PBXFileReference; fileEncoding = 4; lastKnownFileType = sourcecode.c.objc; path = AEWebVC.m; sourceTree = "<group>"; };
		959EFF7C1D60618C00644B5A /* AEWebVC.xib */ = {isa = PBXFileReference; fileEncoding = 4; lastKnownFileType = file.xib; path = AEWebVC.xib; sourceTree = "<group>"; };
/* End PBXFileReference section */

/* Begin PBXFrameworksBuildPhase section */
		951E63451D57FB5F004DB591 /* Frameworks */ = {
			isa = PBXFrameworksBuildPhase;
			buildActionMask = 2147483647;
			files = (
			);
			runOnlyForDeploymentPostprocessing = 0;
		};
		951E635E1D57FB60004DB591 /* Frameworks */ = {
			isa = PBXFrameworksBuildPhase;
			buildActionMask = 2147483647;
			files = (
			);
			runOnlyForDeploymentPostprocessing = 0;
		};
		951E63691D57FB60004DB591 /* Frameworks */ = {
			isa = PBXFrameworksBuildPhase;
			buildActionMask = 2147483647;
			files = (
			);
			runOnlyForDeploymentPostprocessing = 0;
		};
/* End PBXFrameworksBuildPhase section */

/* Begin PBXGroup section */
		951E633F1D57FB5F004DB591 = {
			isa = PBXGroup;
			children = (
				951E634A1D57FB5F004DB591 /* MultiUserAliExpress */,
				951E63641D57FB60004DB591 /* MultiUserAliExpressTests */,
				951E636F1D57FB60004DB591 /* MultiUserAliExpressUITests */,
				951E63491D57FB5F004DB591 /* Products */,
			);
			sourceTree = "<group>";
		};
		951E63491D57FB5F004DB591 /* Products */ = {
			isa = PBXGroup;
			children = (
				951E63481D57FB5F004DB591 /* MultiUserAliExpress.app */,
				951E63611D57FB60004DB591 /* MultiUserAliExpressTests.xctest */,
				951E636C1D57FB60004DB591 /* MultiUserAliExpressUITests.xctest */,
			);
			name = Products;
			sourceTree = "<group>";
		};
		951E634A1D57FB5F004DB591 /* MultiUserAliExpress */ = {
			isa = PBXGroup;
			children = (
				951E637E1D57FBDA004DB591 /* Categories */,
				951E637F1D57FBDA004DB591 /* Manager */,
				951E63801D57FBDA004DB591 /* ThirdLibraries */,
				951E63811D57FBDA004DB591 /* Tool */,
				951E63821D57FBDA004DB591 /* ViewControllers */,
				951E63831D57FBDA004DB591 /* Views */,
				951E634E1D57FB60004DB591 /* AppDelegate.h */,
				951E634F1D57FB60004DB591 /* AppDelegate.m */,
				951E63571D57FB60004DB591 /* Assets.xcassets */,
				951E63591D57FB60004DB591 /* LaunchScreen.storyboard */,
				951E635C1D57FB60004DB591 /* Info.plist */,
				951E634B1D57FB5F004DB591 /* Supporting Files */,
			);
			path = MultiUserAliExpress;
			sourceTree = "<group>";
		};
		951E634B1D57FB5F004DB591 /* Supporting Files */ = {
			isa = PBXGroup;
			children = (
				951E634C1D57FB60004DB591 /* main.m */,
			);
			name = "Supporting Files";
			sourceTree = "<group>";
		};
		951E63641D57FB60004DB591 /* MultiUserAliExpressTests */ = {
			isa = PBXGroup;
			children = (
				951E63651D57FB60004DB591 /* MultiUserAliExpressTests.m */,
				951E63671D57FB60004DB591 /* Info.plist */,
			);
			path = MultiUserAliExpressTests;
			sourceTree = "<group>";
		};
		951E636F1D57FB60004DB591 /* MultiUserAliExpressUITests */ = {
			isa = PBXGroup;
			children = (
				951E63701D57FB60004DB591 /* MultiUserAliExpressUITests.m */,
				951E63721D57FB60004DB591 /* Info.plist */,
			);
			path = MultiUserAliExpressUITests;
			sourceTree = "<group>";
		};
		951E637E1D57FBDA004DB591 /* Categories */ = {
			isa = PBXGroup;
			children = (
			);
			path = Categories;
			sourceTree = "<group>";
		};
		951E637F1D57FBDA004DB591 /* Manager */ = {
			isa = PBXGroup;
			children = (
				951E63841D57FC01004DB591 /* HttpCookieManager.h */,
				951E63851D57FC01004DB591 /* HttpCookieManager.m */,
			);
			path = Manager;
			sourceTree = "<group>";
		};
		951E63801D57FBDA004DB591 /* ThirdLibraries */ = {
			isa = PBXGroup;
			children = (
			);
			path = ThirdLibraries;
			sourceTree = "<group>";
		};
		951E63811D57FBDA004DB591 /* Tool */ = {
			isa = PBXGroup;
			children = (
			);
			path = Tool;
			sourceTree = "<group>";
		};
		951E63821D57FBDA004DB591 /* ViewControllers */ = {
			isa = PBXGroup;
			children = (
				959EFF721D60614700644B5A /* NavVC */,
				959EFF731D60614700644B5A /* TabBarVC */,
				959EFF741D60614700644B5A /* WebVC */,
			);
			path = ViewControllers;
			sourceTree = "<group>";
		};
		951E63831D57FBDA004DB591 /* Views */ = {
			isa = PBXGroup;
			children = (
			);
			path = Views;
			sourceTree = "<group>";
		};
		959EFF721D60614700644B5A /* NavVC */ = {
			isa = PBXGroup;
			children = (
			);
			path = NavVC;
			sourceTree = "<group>";
		};
		959EFF731D60614700644B5A /* TabBarVC */ = {
			isa = PBXGroup;
			children = (
			);
			path = TabBarVC;
			sourceTree = "<group>";
		};
		959EFF741D60614700644B5A /* WebVC */ = {
			isa = PBXGroup;
			children = (
				959EFF7A1D60618C00644B5A /* AEWebVC.h */,
				959EFF7B1D60618C00644B5A /* AEWebVC.m */,
				959EFF7C1D60618C00644B5A /* AEWebVC.xib */,
			);
			path = WebVC;
			sourceTree = "<group>";
		};
/* End PBXGroup section */

/* Begin PBXNativeTarget section */
		951E63471D57FB5F004DB591 /* MultiUserAliExpress */ = {
			isa = PBXNativeTarget;
			buildConfigurationList = 951E63751D57FB60004DB591 /* Build configuration list for PBXNativeTarget "MultiUserAliExpress" */;
			buildPhases = (
				951E63441D57FB5F004DB591 /* Sources */,
				951E63451D57FB5F004DB591 /* Frameworks */,
				951E63461D57FB5F004DB591 /* Resources */,
			);
			buildRules = (
			);
			dependencies = (
			);
			name = MultiUserAliExpress;
			productName = MultiUserAliExpress;
			productReference = 951E63481D57FB5F004DB591 /* MultiUserAliExpress.app */;
			productType = "com.apple.product-type.application";
		};
		951E63601D57FB60004DB591 /* MultiUserAliExpressTests */ = {
			isa = PBXNativeTarget;
			buildConfigurationList = 951E63781D57FB60004DB591 /* Build configuration list for PBXNativeTarget "MultiUserAliExpressTests" */;
			buildPhases = (
				951E635D1D57FB60004DB591 /* Sources */,
				951E635E1D57FB60004DB591 /* Frameworks */,
				951E635F1D57FB60004DB591 /* Resources */,
			);
			buildRules = (
			);
			dependencies = (
				951E63631D57FB60004DB591 /* PBXTargetDependency */,
			);
			name = MultiUserAliExpressTests;
			productName = MultiUserAliExpressTests;
			productReference = 951E63611D57FB60004DB591 /* MultiUserAliExpressTests.xctest */;
			productType = "com.apple.product-type.bundle.unit-test";
		};
		951E636B1D57FB60004DB591 /* MultiUserAliExpressUITests */ = {
			isa = PBXNativeTarget;
			buildConfigurationList = 951E637B1D57FB60004DB591 /* Build configuration list for PBXNativeTarget "MultiUserAliExpressUITests" */;
			buildPhases = (
				951E63681D57FB60004DB591 /* Sources */,
				951E63691D57FB60004DB591 /* Frameworks */,
				951E636A1D57FB60004DB591 /* Resources */,
			);
			buildRules = (
			);
			dependencies = (
				951E636E1D57FB60004DB591 /* PBXTargetDependency */,
			);
			name = MultiUserAliExpressUITests;
			productName = MultiUserAliExpressUITests;
			productReference = 951E636C1D57FB60004DB591 /* MultiUserAliExpressUITests.xctest */;
			productType = "com.apple.product-type.bundle.ui-testing";
		};
/* End PBXNativeTarget section */

/* Begin PBXProject section */
		951E63401D57FB5F004DB591 /* Project object */ = {
			isa = PBXProject;
			attributes = {
				LastUpgradeCheck = 0730;
				ORGANIZATIONNAME = "John Shi";
				TargetAttributes = {
					951E63471D57FB5F004DB591 = {
						CreatedOnToolsVersion = 7.3.1;
						DevelopmentTeam = B5HKVZ3G87;
					};
					951E63601D57FB60004DB591 = {
						CreatedOnToolsVersion = 7.3.1;
						TestTargetID = 951E63471D57FB5F004DB591;
					};
					951E636B1D57FB60004DB591 = {
						CreatedOnToolsVersion = 7.3.1;
						TestTargetID = 951E63471D57FB5F004DB591;
					};
				};
			};
			buildConfigurationList = 951E63431D57FB5F004DB591 /* Build configuration list for PBXProject "MultiUserAliExpress" */;
			compatibilityVersion = "Xcode 3.2";
			developmentRegion = English;
			hasScannedForEncodings = 0;
			knownRegions = (
				en,
				Base,
			);
			mainGroup = 951E633F1D57FB5F004DB591;
			productRefGroup = 951E63491D57FB5F004DB591 /* Products */;
			projectDirPath = "";
			projectRoot = "";
			targets = (
				951E63471D57FB5F004DB591 /* MultiUserAliExpress */,
				951E63601D57FB60004DB591 /* MultiUserAliExpressTests */,
				951E636B1D57FB60004DB591 /* MultiUserAliExpressUITests */,
			);
		};
/* End PBXProject section */

/* Begin PBXResourcesBuildPhase section */
		951E63461D57FB5F004DB591 /* Resources */ = {
			isa = PBXResourcesBuildPhase;
			buildActionMask = 2147483647;
			files = (
				959EFF7E1D60618C00644B5A /* AEWebVC.xib in Resources */,
				951E635B1D57FB60004DB591 /* LaunchScreen.storyboard in Resources */,
				951E63581D57FB60004DB591 /* Assets.xcassets in Resources */,
			);
			runOnlyForDeploymentPostprocessing = 0;
		};
		951E635F1D57FB60004DB591 /* Resources */ = {
			isa = PBXResourcesBuildPhase;
			buildActionMask = 2147483647;
			files = (
			);
			runOnlyForDeploymentPostprocessing = 0;
		};
		951E636A1D57FB60004DB591 /* Resources */ = {
			isa = PBXResourcesBuildPhase;
			buildActionMask = 2147483647;
			files = (
			);
			runOnlyForDeploymentPostprocessing = 0;
		};
/* End PBXResourcesBuildPhase section */

/* Begin PBXSourcesBuildPhase section */
		951E63441D57FB5F004DB591 /* Sources */ = {
			isa = PBXSourcesBuildPhase;
			buildActionMask = 2147483647;
			files = (
				951E63501D57FB60004DB591 /* AppDelegate.m in Sources */,
				959EFF7D1D60618C00644B5A /* AEWebVC.m in Sources */,
				951E634D1D57FB60004DB591 /* main.m in Sources */,
				951E63861D57FC01004DB591 /* HttpCookieManager.m in Sources */,
			);
			runOnlyForDeploymentPostprocessing = 0;
		};
		951E635D1D57FB60004DB591 /* Sources */ = {
			isa = PBXSourcesBuildPhase;
			buildActionMask = 2147483647;
			files = (
				951E63661D57FB60004DB591 /* MultiUserAliExpressTests.m in Sources */,
			);
			runOnlyForDeploymentPostprocessing = 0;
		};
		951E63681D57FB60004DB591 /* Sources */ = {
			isa = PBXSourcesBuildPhase;
			buildActionMask = 2147483647;
			files = (
				951E63711D57FB60004DB591 /* MultiUserAliExpressUITests.m in Sources */,
			);
			runOnlyForDeploymentPostprocessing = 0;
		};
/* End PBXSourcesBuildPhase section */

/* Begin PBXTargetDependency section */
		951E63631D57FB60004DB591 /* PBXTargetDependency */ = {
			isa = PBXTargetDependency;
			target = 951E63471D57FB5F004DB591 /* MultiUserAliExpress */;
			targetProxy = 951E63621D57FB60004DB591 /* PBXContainerItemProxy */;
		};
		951E636E1D57FB60004DB591 /* PBXTargetDependency */ = {
			isa = PBXTargetDependency;
			target = 951E63471D57FB5F004DB591 /* MultiUserAliExpress */;
			targetProxy = 951E636D1D57FB60004DB591 /* PBXContainerItemProxy */;
		};
/* End PBXTargetDependency section */

/* Begin PBXVariantGroup section */
		951E63591D57FB60004DB591 /* LaunchScreen.storyboard */ = {
			isa = PBXVariantGroup;
			children = (
				951E635A1D57FB60004DB591 /* Base */,
			);
			name = LaunchScreen.storyboard;
			sourceTree = "<group>";
		};
/* End PBXVariantGroup section */

/* Begin XCBuildConfiguration section */
		951E63731D57FB60004DB591 /* Debug */ = {
			isa = XCBuildConfiguration;
			buildSettings = {
				ALWAYS_SEARCH_USER_PATHS = NO;
				CLANG_ANALYZER_NONNULL = YES;
				CLANG_CXX_LANGUAGE_STANDARD = "gnu++0x";
				CLANG_CXX_LIBRARY = "libc++";
				CLANG_ENABLE_MODULES = YES;
				CLANG_ENABLE_OBJC_ARC = YES;
				CLANG_WARN_BOOL_CONVERSION = YES;
				CLANG_WARN_CONSTANT_CONVERSION = YES;
				CLANG_WARN_DIRECT_OBJC_ISA_USAGE = YES_ERROR;
				CLANG_WARN_EMPTY_BODY = YES;
				CLANG_WARN_ENUM_CONVERSION = YES;
				CLANG_WARN_INT_CONVERSION = YES;
				CLANG_WARN_OBJC_ROOT_CLASS = YES_ERROR;
				CLANG_WARN_UNREACHABLE_CODE = YES;
				CLANG_WARN__DUPLICATE_METHOD_MATCH = YES;
				"CODE_SIGN_IDENTITY[sdk=iphoneos*]" = "iPhone Developer";
				COPY_PHASE_STRIP = NO;
				DEBUG_INFORMATION_FORMAT = dwarf;
				ENABLE_STRICT_OBJC_MSGSEND = YES;
				ENABLE_TESTABILITY = YES;
				GCC_C_LANGUAGE_STANDARD = gnu99;
				GCC_DYNAMIC_NO_PIC = NO;
				GCC_NO_COMMON_BLOCKS = YES;
				GCC_OPTIMIZATION_LEVEL = 0;
				GCC_PREPROCESSOR_DEFINITIONS = (
					"DEBUG=1",
					"$(inherited)",
				);
				GCC_WARN_64_TO_32_BIT_CONVERSION = YES;
				GCC_WARN_ABOUT_RETURN_TYPE = YES_ERROR;
				GCC_WARN_UNDECLARED_SELECTOR = YES;
				GCC_WARN_UNINITIALIZED_AUTOS = YES_AGGRESSIVE;
				GCC_WARN_UNUSED_FUNCTION = YES;
				GCC_WARN_UNUSED_VARIABLE = YES;
				IPHONEOS_DEPLOYMENT_TARGET = 9.3;
				MTL_ENABLE_DEBUG_INFO = YES;
				ONLY_ACTIVE_ARCH = YES;
				SDKROOT = iphoneos;
				TARGETED_DEVICE_FAMILY = "1,2";
			};
			name = Debug;
		};
		951E63741D57FB60004DB591 /* Release */ = {
			isa = XCBuildConfiguration;
			buildSettings = {
				ALWAYS_SEARCH_USER_PATHS = NO;
				CLANG_ANALYZER_NONNULL = YES;
				CLANG_CXX_LANGUAGE_STANDARD = "gnu++0x";
				CLANG_CXX_LIBRARY = "libc++";
				CLANG_ENABLE_MODULES = YES;
				CLANG_ENABLE_OBJC_ARC = YES;
				CLANG_WARN_BOOL_CONVERSION = YES;
				CLANG_WARN_CONSTANT_CONVERSION = YES;
				CLANG_WARN_DIRECT_OBJC_ISA_USAGE = YES_ERROR;
				CLANG_WARN_EMPTY_BODY = YES;
				CLANG_WARN_ENUM_CONVERSION = YES;
				CLANG_WARN_INT_CONVERSION = YES;
				CLANG_WARN_OBJC_ROOT_CLASS = YES_ERROR;
				CLANG_WARN_UNREACHABLE_CODE = YES;
				CLANG_WARN__DUPLICATE_METHOD_MATCH = YES;
				"CODE_SIGN_IDENTITY[sdk=iphoneos*]" = "iPhone Developer";
				COPY_PHASE_STRIP = NO;
				DEBUG_INFORMATION_FORMAT = "dwarf-with-dsym";
				ENABLE_NS_ASSERTIONS = NO;
				ENABLE_STRICT_OBJC_MSGSEND = YES;
				GCC_C_LANGUAGE_STANDARD = gnu99;
				GCC_NO_COMMON_BLOCKS = YES;
				GCC_WARN_64_TO_32_BIT_CONVERSION = YES;
				GCC_WARN_ABOUT_RETURN_TYPE = YES_ERROR;
				GCC_WARN_UNDECLARED_SELECTOR = YES;
				GCC_WARN_UNINITIALIZED_AUTOS = YES_AGGRESSIVE;
				GCC_WARN_UNUSED_FUNCTION = YES;
				GCC_WARN_UNUSED_VARIABLE = YES;
				IPHONEOS_DEPLOYMENT_TARGET = 9.3;
				MTL_ENABLE_DEBUG_INFO = NO;
				SDKROOT = iphoneos;
				TARGETED_DEVICE_FAMILY = "1,2";
				VALIDATE_PRODUCT = YES;
			};
			name = Release;
		};
		951E63761D57FB60004DB591 /* Debug */ = {
			isa = XCBuildConfiguration;
			buildSettings = {
				ASSETCATALOG_COMPILER_APPICON_NAME = AppIcon;
				CODE_SIGN_IDENTITY = "iPhone Developer";
				"CODE_SIGN_IDENTITY[sdk=iphoneos*]" = "iPhone Developer";
				INFOPLIST_FILE = MultiUserAliExpress/Info.plist;
				IPHONEOS_DEPLOYMENT_TARGET = 8.0;
				LD_RUNPATH_SEARCH_PATHS = "$(inherited) @executable_path/Frameworks";
				PRODUCT_BUNDLE_IDENTIFIER = com.johnshi.aliexpress.MultiUserAliExpress;
				PRODUCT_NAME = "$(TARGET_NAME)";
				PROVISIONING_PROFILE = "";
			};
			name = Debug;
		};
		951E63771D57FB60004DB591 /* Release */ = {
			isa = XCBuildConfiguration;
			buildSettings = {
				ASSETCATALOG_COMPILER_APPICON_NAME = AppIcon;
				CODE_SIGN_IDENTITY = "iPhone Developer";
				"CODE_SIGN_IDENTITY[sdk=iphoneos*]" = "iPhone Developer";
				INFOPLIST_FILE = MultiUserAliExpress/Info.plist;
				IPHONEOS_DEPLOYMENT_TARGET = 8.0;
				LD_RUNPATH_SEARCH_PATHS = "$(inherited) @executable_path/Frameworks";
				PRODUCT_BUNDLE_IDENTIFIER = com.johnshi.aliexpress.MultiUserAliExpress;
				PRODUCT_NAME = "$(TARGET_NAME)";
				PROVISIONING_PROFILE = "";
			};
			name = Release;
		};
		951E63791D57FB60004DB591 /* Debug */ = {
			isa = XCBuildConfiguration;
			buildSettings = {
				BUNDLE_LOADER = "$(TEST_HOST)";
				INFOPLIST_FILE = MultiUserAliExpressTests/Info.plist;
				LD_RUNPATH_SEARCH_PATHS = "$(inherited) @executable_path/Frameworks @loader_path/Frameworks";
				PRODUCT_BUNDLE_IDENTIFIER = com.johnshi.aliexpress.MultiUserAliExpressTests;
				PRODUCT_NAME = "$(TARGET_NAME)";
				TEST_HOST = "$(BUILT_PRODUCTS_DIR)/MultiUserAliExpress.app/MultiUserAliExpress";
			};
			name = Debug;
		};
		951E637A1D57FB60004DB591 /* Release */ = {
			isa = XCBuildConfiguration;
			buildSettings = {
				BUNDLE_LOADER = "$(TEST_HOST)";
				INFOPLIST_FILE = MultiUserAliExpressTests/Info.plist;
				LD_RUNPATH_SEARCH_PATHS = "$(inherited) @executable_path/Frameworks @loader_path/Frameworks";
				PRODUCT_BUNDLE_IDENTIFIER = com.johnshi.aliexpress.MultiUserAliExpressTests;
				PRODUCT_NAME = "$(TARGET_NAME)";
				TEST_HOST = "$(BUILT_PRODUCTS_DIR)/MultiUserAliExpress.app/MultiUserAliExpress";
			};
			name = Release;
		};
		951E637C1D57FB60004DB591 /* Debug */ = {
			isa = XCBuildConfiguration;
			buildSettings = {
				INFOPLIST_FILE = MultiUserAliExpressUITests/Info.plist;
				LD_RUNPATH_SEARCH_PATHS = "$(inherited) @executable_path/Frameworks @loader_path/Frameworks";
				PRODUCT_BUNDLE_IDENTIFIER = com.johnshi.aliexpress.MultiUserAliExpressUITests;
				PRODUCT_NAME = "$(TARGET_NAME)";
				TEST_TARGET_NAME = MultiUserAliExpress;
			};
			name = Debug;
		};
		951E637D1D57FB60004DB591 /* Release */ = {
			isa = XCBuildConfiguration;
			buildSettings = {
				INFOPLIST_FILE = MultiUserAliExpressUITests/Info.plist;
				LD_RUNPATH_SEARCH_PATHS = "$(inherited) @executable_path/Frameworks @loader_path/Frameworks";
				PRODUCT_BUNDLE_IDENTIFIER = com.johnshi.aliexpress.MultiUserAliExpressUITests;
				PRODUCT_NAME = "$(TARGET_NAME)";
				TEST_TARGET_NAME = MultiUserAliExpress;
			};
			name = Release;
		};
/* End XCBuildConfiguration section */

/* Begin XCConfigurationList section */
		951E63431D57FB5F004DB591 /* Build configuration list for PBXProject "MultiUserAliExpress" */ = {
			isa = XCConfigurationList;
			buildConfigurations = (
				951E63731D57FB60004DB591 /* Debug */,
				951E63741D57FB60004DB591 /* Release */,
			);
			defaultConfigurationIsVisible = 0;
			defaultConfigurationName = Release;
		};
		951E63751D57FB60004DB591 /* Build configuration list for PBXNativeTarget "MultiUserAliExpress" */ = {
			isa = XCConfigurationList;
			buildConfigurations = (
				951E63761D57FB60004DB591 /* Debug */,
				951E63771D57FB60004DB591 /* Release */,
			);
			defaultConfigurationIsVisible = 0;
			defaultConfigurationName = Release;
		};
		951E63781D57FB60004DB591 /* Build configuration list for PBXNativeTarget "MultiUserAliExpressTests" */ = {
			isa = XCConfigurationList;
			buildConfigurations = (
				951E63791D57FB60004DB591 /* Debug */,
				951E637A1D57FB60004DB591 /* Release */,
			);
			defaultConfigurationIsVisible = 0;
			defaultConfigurationName = Release;
		};
		951E637B1D57FB60004DB591 /* Build configuration list for PBXNativeTarget "MultiUserAliExpressUITests" */ = {
			isa = XCConfigurationList;
			buildConfigurations = (
				951E637C1D57FB60004DB591 /* Debug */,
				951E637D1D57FB60004DB591 /* Release */,
			);
			defaultConfigurationIsVisible = 0;
			defaultConfigurationName = Release;
		};
/* End XCConfigurationList section */
	};
	rootObject = 951E63401D57FB5F004DB591 /* Project object */;
}
